// !$*UTF8*$!
{
	archiveVersion = 1;
	classes = {
	};
	objectVersion = 50;
	objects = {

/* Begin PBXBuildFile section */
		5399F45D24874783005BC2B3 /* AppDelegate.m in Sources */ = {isa = PBXBuildFile; fileRef = 5399F45C24874783005BC2B3 /* AppDelegate.m */; };
		5399F46324874783005BC2B3 /* ViewController.m in Sources */ = {isa = PBXBuildFile; fileRef = 5399F46224874783005BC2B3 /* ViewController.m */; };
		5399F46624874783005BC2B3 /* Main.storyboard in Resources */ = {isa = PBXBuildFile; fileRef = 5399F46424874783005BC2B3 /* Main.storyboard */; };
		5399F46824874786005BC2B3 /* Assets.xcassets in Resources */ = {isa = PBXBuildFile; fileRef = 5399F46724874786005BC2B3 /* Assets.xcassets */; };
		5399F46B24874786005BC2B3 /* LaunchScreen.storyboard in Resources */ = {isa = PBXBuildFile; fileRef = 5399F46924874786005BC2B3 /* LaunchScreen.storyboard */; };
		5399F46E24874786005BC2B3 /* main.m in Sources */ = {isa = PBXBuildFile; fileRef = 5399F46D24874786005BC2B3 /* main.m */; };
		5399F48024874A20005BC2B3 /* baidumobadsdk.bundle in Resources */ = {isa = PBXBuildFile; fileRef = 5399F47C24874A20005BC2B3 /* baidumobadsdk.bundle */; };
		5399F48124874A20005BC2B3 /* login.bundle in Resources */ = {isa = PBXBuildFile; fileRef = 5399F47D24874A20005BC2B3 /* login.bundle */; };
		5399F48224874A20005BC2B3 /* WeiboSDK.bundle in Resources */ = {isa = PBXBuildFile; fileRef = 5399F47E24874A20005BC2B3 /* WeiboSDK.bundle */; };
		5399F48324874A20005BC2B3 /* BUAdSDK.bundle in Resources */ = {isa = PBXBuildFile; fileRef = 5399F47F24874A20005BC2B3 /* BUAdSDK.bundle */; };
		5399F48624875229005BC2B3 /* loginSDK.framework in Frameworks */ = {isa = PBXBuildFile; fileRef = 5399F484248751CD005BC2B3 /* loginSDK.framework */; };
		5399F48724875229005BC2B3 /* loginSDK.framework in Embed Frameworks */ = {isa = PBXBuildFile; fileRef = 5399F484248751CD005BC2B3 /* loginSDK.framework */; settings = {ATTRIBUTES = (CodeSignOnCopy, RemoveHeadersOnCopy, ); }; };
		5399F48B248754AF005BC2B3 /* loginSDK.m in Sources */ = {isa = PBXBuildFile; fileRef = 5399F48A248754AF005BC2B3 /* loginSDK.m */; };
		539E11EB2552C0F700CA8CF5 /* advertisingCenter.framework in Frameworks */ = {isa = PBXBuildFile; fileRef = 539E11E52552C0EE00CA8CF5 /* advertisingCenter.framework */; };
		539E11EC2552C0F700CA8CF5 /* advertisingCenter.framework in Embed Frameworks */ = {isa = PBXBuildFile; fileRef = 539E11E52552C0EE00CA8CF5 /* advertisingCenter.framework */; settings = {ATTRIBUTES = (CodeSignOnCopy, RemoveHeadersOnCopy, ); }; };
		539E11ED2552C0F800CA8CF5 /* serverPush.framework in Frameworks */ = {isa = PBXBuildFile; fileRef = 539E11E72552C0EE00CA8CF5 /* serverPush.framework */; };
		539E11EE2552C0F800CA8CF5 /* serverPush.framework in Embed Frameworks */ = {isa = PBXBuildFile; fileRef = 539E11E72552C0EE00CA8CF5 /* serverPush.framework */; settings = {ATTRIBUTES = (CodeSignOnCopy, RemoveHeadersOnCopy, ); }; };
		539E11EF2552C0FA00CA8CF5 /* shareGroup.framework in Frameworks */ = {isa = PBXBuildFile; fileRef = 539E11E62552C0EE00CA8CF5 /* shareGroup.framework */; };
		539E11F02552C0FA00CA8CF5 /* shareGroup.framework in Embed Frameworks */ = {isa = PBXBuildFile; fileRef = 539E11E62552C0EE00CA8CF5 /* shareGroup.framework */; settings = {ATTRIBUTES = (CodeSignOnCopy, RemoveHeadersOnCopy, ); }; };
/* End PBXBuildFile section */

/* Begin PBXCopyFilesBuildPhase section */
		5399F48824875229005BC2B3 /* Embed Frameworks */ = {
			isa = PBXCopyFilesBuildPhase;
			buildActionMask = 2147483647;
			dstPath = "";
			dstSubfolderSpec = 10;
			files = (
				539E11F02552C0FA00CA8CF5 /* shareGroup.framework in Embed Frameworks */,
				539E11EC2552C0F700CA8CF5 /* advertisingCenter.framework in Embed Frameworks */,
				5399F48724875229005BC2B3 /* loginSDK.framework in Embed Frameworks */,
				539E11EE2552C0F800CA8CF5 /* serverPush.framework in Embed Frameworks */,
			);
			name = "Embed Frameworks";
			runOnlyForDeploymentPostprocessing = 0;
		};
/* End PBXCopyFilesBuildPhase section */

/* Begin PBXFileReference section */
		5399F45824874783005BC2B3 /* demo.app */ = {isa = PBXFileReference; explicitFileType = wrapper.application; includeInIndex = 0; path = demo.app; sourceTree = BUILT_PRODUCTS_DIR; };
		5399F45B24874783005BC2B3 /* AppDelegate.h */ = {isa = PBXFileReference; lastKnownFileType = sourcecode.c.h; path = AppDelegate.h; sourceTree = "<group>"; };
		5399F45C24874783005BC2B3 /* AppDelegate.m */ = {isa = PBXFileReference; lastKnownFileType = sourcecode.c.objc; path = AppDelegate.m; sourceTree = "<group>"; };
		5399F46124874783005BC2B3 /* ViewController.h */ = {isa = PBXFileReference; lastKnownFileType = sourcecode.c.h; path = ViewController.h; sourceTree = "<group>"; };
		5399F46224874783005BC2B3 /* ViewController.m */ = {isa = PBXFileReference; lastKnownFileType = sourcecode.c.objc; path = ViewController.m; sourceTree = "<group>"; };
		5399F46524874783005BC2B3 /* Base */ = {isa = PBXFileReference; lastKnownFileType = file.storyboard; name = Base; path = Base.lproj/Main.storyboard; sourceTree = "<group>"; };
		5399F46724874786005BC2B3 /* Assets.xcassets */ = {isa = PBXFileReference; lastKnownFileType = folder.assetcatalog; path = Assets.xcassets; sourceTree = "<group>"; };
		5399F46A24874786005BC2B3 /* Base */ = {isa = PBXFileReference; lastKnownFileType = file.storyboard; name = Base; path = Base.lproj/LaunchScreen.storyboard; sourceTree = "<group>"; };
		5399F46C24874786005BC2B3 /* Info.plist */ = {isa = PBXFileReference; lastKnownFileType = text.plist.xml; path = Info.plist; sourceTree = "<group>"; };
		5399F46D24874786005BC2B3 /* main.m */ = {isa = PBXFileReference; lastKnownFileType = sourcecode.c.objc; path = main.m; sourceTree = "<group>"; };
		5399F47C24874A20005BC2B3 /* baidumobadsdk.bundle */ = {isa = PBXFileReference; lastKnownFileType = "wrapper.plug-in"; path = baidumobadsdk.bundle; sourceTree = "<group>"; };
		5399F47D24874A20005BC2B3 /* login.bundle */ = {isa = PBXFileReference; lastKnownFileType = "wrapper.plug-in"; path = login.bundle; sourceTree = "<group>"; };
		5399F47E24874A20005BC2B3 /* WeiboSDK.bundle */ = {isa = PBXFileReference; lastKnownFileType = "wrapper.plug-in"; path = WeiboSDK.bundle; sourceTree = "<group>"; };
		5399F47F24874A20005BC2B3 /* BUAdSDK.bundle */ = {isa = PBXFileReference; lastKnownFileType = "wrapper.plug-in"; path = BUAdSDK.bundle; sourceTree = "<group>"; };
		5399F484248751CD005BC2B3 /* loginSDK.framework */ = {isa = PBXFileReference; lastKnownFileType = wrapper.framework; path = loginSDK.framework; sourceTree = "<group>"; };
		5399F489248754AF005BC2B3 /* loginSDK.h */ = {isa = PBXFileReference; fileEncoding = 4; lastKnownFileType = sourcecode.c.h; path = loginSDK.h; sourceTree = "<group>"; };
		5399F48A248754AF005BC2B3 /* loginSDK.m */ = {isa = PBXFileReference; fileEncoding = 4; lastKnownFileType = sourcecode.c.objc; path = loginSDK.m; sourceTree = "<group>"; };
		5399F498248758FD005BC2B3 /* demo.entitlements */ = {isa = PBXFileReference; lastKnownFileType = text.plist.entitlements; path = demo.entitlements; sourceTree = "<group>"; };
		539E11E52552C0EE00CA8CF5 /* advertisingCenter.framework */ = {isa = PBXFileReference; lastKnownFileType = wrapper.framework; path = advertisingCenter.framework; sourceTree = "<group>"; };
		539E11E62552C0EE00CA8CF5 /* shareGroup.framework */ = {isa = PBXFileReference; lastKnownFileType = wrapper.framework; path = shareGroup.framework; sourceTree = "<group>"; };
		539E11E72552C0EE00CA8CF5 /* serverPush.framework */ = {isa = PBXFileReference; lastKnownFileType = wrapper.framework; path = serverPush.framework; sourceTree = "<group>"; };
/* End PBXFileReference section */

/* Begin PBXFrameworksBuildPhase section */
		5399F45524874783005BC2B3 /* Frameworks */ = {
			isa = PBXFrameworksBuildPhase;
			buildActionMask = 2147483647;
			files = (
				539E11EF2552C0FA00CA8CF5 /* shareGroup.framework in Frameworks */,
				539E11EB2552C0F700CA8CF5 /* advertisingCenter.framework in Frameworks */,
				5399F48624875229005BC2B3 /* loginSDK.framework in Frameworks */,
				539E11ED2552C0F800CA8CF5 /* serverPush.framework in Frameworks */,
			);
			runOnlyForDeploymentPostprocessing = 0;
		};
/* End PBXFrameworksBuildPhase section */

/* Begin PBXGroup section */
		5399F44F24874783005BC2B3 = {
			isa = PBXGroup;
			children = (
				5399F45A24874783005BC2B3 /* demo */,
				5399F45924874783005BC2B3 /* Products */,
			);
			sourceTree = "<group>";
		};
		5399F45924874783005BC2B3 /* Products */ = {
			isa = PBXGroup;
			children = (
				5399F45824874783005BC2B3 /* demo.app */,
			);
			name = Products;
			sourceTree = "<group>";
		};
		5399F45A24874783005BC2B3 /* demo */ = {
			isa = PBXGroup;
			children = (
				5399F498248758FD005BC2B3 /* demo.entitlements */,
				539E11E52552C0EE00CA8CF5 /* advertisingCenter.framework */,
				539E11E72552C0EE00CA8CF5 /* serverPush.framework */,
				539E11E62552C0EE00CA8CF5 /* shareGroup.framework */,
				5399F489248754AF005BC2B3 /* loginSDK.h */,
				5399F48A248754AF005BC2B3 /* loginSDK.m */,
				5399F484248751CD005BC2B3 /* loginSDK.framework */,
				5399F47C24874A20005BC2B3 /* baidumobadsdk.bundle */,
				5399F47F24874A20005BC2B3 /* BUAdSDK.bundle */,
				5399F47D24874A20005BC2B3 /* login.bundle */,
				5399F47E24874A20005BC2B3 /* WeiboSDK.bundle */,
				5399F45B24874783005BC2B3 /* AppDelegate.h */,
				5399F45C24874783005BC2B3 /* AppDelegate.m */,
				5399F46124874783005BC2B3 /* ViewController.h */,
				5399F46224874783005BC2B3 /* ViewController.m */,
				5399F46424874783005BC2B3 /* Main.storyboard */,
				5399F46724874786005BC2B3 /* Assets.xcassets */,
				5399F46924874786005BC2B3 /* LaunchScreen.storyboard */,
				5399F46C24874786005BC2B3 /* Info.plist */,
				5399F46D24874786005BC2B3 /* main.m */,
			);
			path = demo;
			sourceTree = "<group>";
		};
/* End PBXGroup section */

/* Begin PBXNativeTarget section */
		5399F45724874783005BC2B3 /* demo */ = {
			isa = PBXNativeTarget;
			buildConfigurationList = 5399F47124874786005BC2B3 /* Build configuration list for PBXNativeTarget "demo" */;
			buildPhases = (
				5399F45424874783005BC2B3 /* Sources */,
				5399F45524874783005BC2B3 /* Frameworks */,
				5399F45624874783005BC2B3 /* Resources */,
				5399F48824875229005BC2B3 /* Embed Frameworks */,
			);
			buildRules = (
			);
			dependencies = (
			);
			name = demo;
			productName = demo;
			productReference = 5399F45824874783005BC2B3 /* demo.app */;
			productType = "com.apple.product-type.application";
		};
/* End PBXNativeTarget section */

/* Begin PBXProject section */
		5399F45024874783005BC2B3 /* Project object */ = {
			isa = PBXProject;
			attributes = {
				LastUpgradeCheck = 1200;
				ORGANIZATIONNAME = rosehyird;
				TargetAttributes = {
					5399F45724874783005BC2B3 = {
						CreatedOnToolsVersion = 11.5;
					};
				};
			};
			buildConfigurationList = 5399F45324874783005BC2B3 /* Build configuration list for PBXProject "demo" */;
			compatibilityVersion = "Xcode 9.3";
			developmentRegion = en;
			hasScannedForEncodings = 0;
			knownRegions = (
				en,
				Base,
			);
			mainGroup = 5399F44F24874783005BC2B3;
			productRefGroup = 5399F45924874783005BC2B3 /* Products */;
			projectDirPath = "";
			projectRoot = "";
			targets = (
				5399F45724874783005BC2B3 /* demo */,
			);
		};
/* End PBXProject section */

/* Begin PBXResourcesBuildPhase section */
		5399F45624874783005BC2B3 /* Resources */ = {
			isa = PBXResourcesBuildPhase;
			buildActionMask = 2147483647;
			files = (
				5399F46B24874786005BC2B3 /* LaunchScreen.storyboard in Resources */,
				5399F46824874786005BC2B3 /* Assets.xcassets in Resources */,
				5399F48124874A20005BC2B3 /* login.bundle in Resources */,
				5399F48024874A20005BC2B3 /* baidumobadsdk.bundle in Resources */,
				5399F48324874A20005BC2B3 /* BUAdSDK.bundle in Resources */,
				5399F46624874783005BC2B3 /* Main.storyboard in Resources */,
				5399F48224874A20005BC2B3 /* WeiboSDK.bundle in Resources */,
			);
			runOnlyForDeploymentPostprocessing = 0;
		};
/* End PBXResourcesBuildPhase section */

/* Begin PBXSourcesBuildPhase section */
		5399F45424874783005BC2B3 /* Sources */ = {
			isa = PBXSourcesBuildPhase;
			buildActionMask = 2147483647;
			files = (
				5399F48B248754AF005BC2B3 /* loginSDK.m in Sources */,
				5399F46324874783005BC2B3 /* ViewController.m in Sources */,
				5399F45D24874783005BC2B3 /* AppDelegate.m in Sources */,
				5399F46E24874786005BC2B3 /* main.m in Sources */,
			);
			runOnlyForDeploymentPostprocessing = 0;
		};
/* End PBXSourcesBuildPhase section */

/* Begin PBXVariantGroup section */
		5399F46424874783005BC2B3 /* Main.storyboard */ = {
			isa = PBXVariantGroup;
			children = (
				5399F46524874783005BC2B3 /* Base */,
			);
			name = Main.storyboard;
			sourceTree = "<group>";
		};
		5399F46924874786005BC2B3 /* LaunchScreen.storyboard */ = {
			isa = PBXVariantGroup;
			children = (
				5399F46A24874786005BC2B3 /* Base */,
			);
			name = LaunchScreen.storyboard;
			sourceTree = "<group>";
		};
/* End PBXVariantGroup section */

/* Begin XCBuildConfiguration section */
		5399F46F24874786005BC2B3 /* Debug */ = {
			isa = XCBuildConfiguration;
			buildSettings = {
				ALWAYS_SEARCH_USER_PATHS = NO;
				CLANG_ANALYZER_NONNULL = YES;
				CLANG_ANALYZER_NUMBER_OBJECT_CONVERSION = YES_AGGRESSIVE;
				CLANG_CXX_LANGUAGE_STANDARD = "gnu++14";
				CLANG_CXX_LIBRARY = "libc++";
				CLANG_ENABLE_MODULES = YES;
				CLANG_ENABLE_OBJC_ARC = YES;
				CLANG_ENABLE_OBJC_WEAK = YES;
				CLANG_WARN_BLOCK_CAPTURE_AUTORELEASING = YES;
				CLANG_WARN_BOOL_CONVERSION = YES;
				CLANG_WARN_COMMA = YES;
				CLANG_WARN_CONSTANT_CONVERSION = YES;
				CLANG_WARN_DEPRECATED_OBJC_IMPLEMENTATIONS = YES;
				CLANG_WARN_DIRECT_OBJC_ISA_USAGE = YES_ERROR;
				CLANG_WARN_DOCUMENTATION_COMMENTS = YES;
				CLANG_WARN_EMPTY_BODY = YES;
				CLANG_WARN_ENUM_CONVERSION = YES;
				CLANG_WARN_INFINITE_RECURSION = YES;
				CLANG_WARN_INT_CONVERSION = YES;
				CLANG_WARN_NON_LITERAL_NULL_CONVERSION = YES;
				CLANG_WARN_OBJC_IMPLICIT_RETAIN_SELF = YES;
				CLANG_WARN_OBJC_LITERAL_CONVERSION = YES;
				CLANG_WARN_OBJC_ROOT_CLASS = YES_ERROR;
				CLANG_WARN_QUOTED_INCLUDE_IN_FRAMEWORK_HEADER = YES;
				CLANG_WARN_RANGE_LOOP_ANALYSIS = YES;
				CLANG_WARN_STRICT_PROTOTYPES = YES;
				CLANG_WARN_SUSPICIOUS_MOVE = YES;
				CLANG_WARN_UNGUARDED_AVAILABILITY = YES_AGGRESSIVE;
				CLANG_WARN_UNREACHABLE_CODE = YES;
				CLANG_WARN__DUPLICATE_METHOD_MATCH = YES;
				COPY_PHASE_STRIP = NO;
				DEBUG_INFORMATION_FORMAT = dwarf;
				ENABLE_STRICT_OBJC_MSGSEND = YES;
				ENABLE_TESTABILITY = YES;
				GCC_C_LANGUAGE_STANDARD = gnu11;
				GCC_DYNAMIC_NO_PIC = NO;
				GCC_NO_COMMON_BLOCKS = YES;
				GCC_OPTIMIZATION_LEVEL = 0;
				GCC_PREPROCESSOR_DEFINITIONS = (
					"DEBUG=1",
					"$(inherited)",
				);
				GCC_WARN_64_TO_32_BIT_CONVERSION = YES;
				GCC_WARN_ABOUT_RETURN_TYPE = YES_ERROR;
				GCC_WARN_UNDECLARED_SELECTOR = YES;
				GCC_WARN_UNINITIALIZED_AUTOS = YES_AGGRESSIVE;
				GCC_WARN_UNUSED_FUNCTION = YES;
				GCC_WARN_UNUSED_VARIABLE = YES;
				IPHONEOS_DEPLOYMENT_TARGET = 13.5;
				MTL_ENABLE_DEBUG_INFO = INCLUDE_SOURCE;
				MTL_FAST_MATH = YES;
				ONLY_ACTIVE_ARCH = YES;
				SDKROOT = iphoneos;
			};
			name = Debug;
		};
		5399F47024874786005BC2B3 /* Release */ = {
			isa = XCBuildConfiguration;
			buildSettings = {
				ALWAYS_SEARCH_USER_PATHS = NO;
				CLANG_ANALYZER_NONNULL = YES;
				CLANG_ANALYZER_NUMBER_OBJECT_CONVERSION = YES_AGGRESSIVE;
				CLANG_CXX_LANGUAGE_STANDARD = "gnu++14";
				CLANG_CXX_LIBRARY = "libc++";
				CLANG_ENABLE_MODULES = YES;
				CLANG_ENABLE_OBJC_ARC = YES;
				CLANG_ENABLE_OBJC_WEAK = YES;
				CLANG_WARN_BLOCK_CAPTURE_AUTORELEASING = YES;
				CLANG_WARN_BOOL_CONVERSION = YES;
				CLANG_WARN_COMMA = YES;
				CLANG_WARN_CONSTANT_CONVERSION = YES;
				CLANG_WARN_DEPRECATED_OBJC_IMPLEMENTATIONS = YES;
				CLANG_WARN_DIRECT_OBJC_ISA_USAGE = YES_ERROR;
				CLANG_WARN_DOCUMENTATION_COMMENTS = YES;
				CLANG_WARN_EMPTY_BODY = YES;
				CLANG_WARN_ENUM_CONVERSION = YES;
				CLANG_WARN_INFINITE_RECURSION = YES;
				CLANG_WARN_INT_CONVERSION = YES;
				CLANG_WARN_NON_LITERAL_NULL_CONVERSION = YES;
				CLANG_WARN_OBJC_IMPLICIT_RETAIN_SELF = YES;
				CLANG_WARN_OBJC_LITERAL_CONVERSION = YES;
				CLANG_WARN_OBJC_ROOT_CLASS = YES_ERROR;
				CLANG_WARN_QUOTED_INCLUDE_IN_FRAMEWORK_HEADER = YES;
				CLANG_WARN_RANGE_LOOP_ANALYSIS = YES;
				CLANG_WARN_STRICT_PROTOTYPES = YES;
				CLANG_WARN_SUSPICIOUS_MOVE = YES;
				CLANG_WARN_UNGUARDED_AVAILABILITY = YES_AGGRESSIVE;
				CLANG_WARN_UNREACHABLE_CODE = YES;
				CLANG_WARN__DUPLICATE_METHOD_MATCH = YES;
				COPY_PHASE_STRIP = NO;
				DEBUG_INFORMATION_FORMAT = "dwarf-with-dsym";
				ENABLE_NS_ASSERTIONS = NO;
				ENABLE_STRICT_OBJC_MSGSEND = YES;
				GCC_C_LANGUAGE_STANDARD = gnu11;
				GCC_NO_COMMON_BLOCKS = YES;
				GCC_WARN_64_TO_32_BIT_CONVERSION = YES;
				GCC_WARN_ABOUT_RETURN_TYPE = YES_ERROR;
				GCC_WARN_UNDECLARED_SELECTOR = YES;
				GCC_WARN_UNINITIALIZED_AUTOS = YES_AGGRESSIVE;
				GCC_WARN_UNUSED_FUNCTION = YES;
				GCC_WARN_UNUSED_VARIABLE = YES;
				IPHONEOS_DEPLOYMENT_TARGET = 13.5;
				MTL_ENABLE_DEBUG_INFO = NO;
				MTL_FAST_MATH = YES;
				SDKROOT = iphoneos;
				VALIDATE_PRODUCT = YES;
			};
			name = Release;
		};
		5399F47224874786005BC2B3 /* Debug */ = {
			isa = XCBuildConfiguration;
			buildSettings = {
				ASSETCATALOG_COMPILER_APPICON_NAME = AppIcon;
				CODE_SIGN_ENTITLEMENTS = demo/demo.entitlements;
				CODE_SIGN_STYLE = Automatic;
				DEVELOPMENT_TEAM = "";
				ENABLE_BITCODE = NO;
				FRAMEWORK_SEARCH_PATHS = (
					"$(inherited)",
					"$(PROJECT_DIR)/demo",
				);
				INFOPLIST_FILE = demo/Info.plist;
				IPHONEOS_DEPLOYMENT_TARGET = 12.0;
				LD_RUNPATH_SEARCH_PATHS = (
					"$(inherited)",
					"@executable_path/Frameworks",
				);
				OTHER_LDFLAGS = "-ObjC";
				PRODUCT_BUNDLE_IDENTIFIER = com.gm.demo;
				PRODUCT_NAME = "$(TARGET_NAME)";
				TARGETED_DEVICE_FAMILY = "1,2";
			};
			name = Debug;
		};
		5399F47324874786005BC2B3 /* Release */ = {
			isa = XCBuildConfiguration;
			buildSettings = {
				ASSETCATALOG_COMPILER_APPICON_NAME = AppIcon;
				CODE_SIGN_ENTITLEMENTS = demo/demo.entitlements;
				CODE_SIGN_STYLE = Automatic;
				DEVELOPMENT_TEAM = "";
				ENABLE_BITCODE = NO;
				FRAMEWORK_SEARCH_PATHS = (
					"$(inherited)",
					"$(PROJECT_DIR)/demo",
				);
				INFOPLIST_FILE = demo/Info.plist;
				IPHONEOS_DEPLOYMENT_TARGET = 12.0;
				LD_RUNPATH_SEARCH_PATHS = (
					"$(inherited)",
					"@executable_path/Frameworks",
				);
				OTHER_LDFLAGS = "-ObjC";
				PRODUCT_BUNDLE_IDENTIFIER = com.gm.demo;
				PRODUCT_NAME = "$(TARGET_NAME)";
				TARGETED_DEVICE_FAMILY = "1,2";
			};
			name = Release;
		};
/* End XCBuildConfiguration section */

/* Begin XCConfigurationList section */
		5399F45324874783005BC2B3 /* Build configuration list for PBXProject "demo" */ = {
			isa = XCConfigurationList;
			buildConfigurations = (
				5399F46F24874786005BC2B3 /* Debug */,
				5399F47024874786005BC2B3 /* Release */,
			);
			defaultConfigurationIsVisible = 0;
			defaultConfigurationName = Release;
		};
		5399F47124874786005BC2B3 /* Build configuration list for PBXNativeTarget "demo" */ = {
			isa = XCConfigurationList;
			buildConfigurations = (
				5399F47224874786005BC2B3 /* Debug */,
				5399F47324874786005BC2B3 /* Release */,
			);
			defaultConfigurationIsVisible = 0;
			defaultConfigurationName = Release;
		};
/* End XCConfigurationList section */
	};
	rootObject = 5399F45024874783005BC2B3 /* Project object */;
}
